
Microsoft Visual Studio Solution File, Format Version 12.00
# Visual Studio Version 16
VisualStudioVersion = 16.0.31112.23
MinimumVisualStudioVersion = 10.0.40219.1
Project("{FAE04EC0-301F-11D3-BF4B-00C04F79EFBC}") = "console", "console\console.csproj", "{D923F67A-24C4-494A-9A59-673CDD07963E}"
EndProject
Global
	GlobalSection(SolutionConfigurationPlatforms) = preSolution
		Debug|Any CPU = Debug|Any CPU
		Release|Any CPU = Release|Any CPU
	EndGlobalSection
	GlobalSection(ProjectConfigurationPlatforms) = postSolution
		{D923F67A-24C4-494A-9A59-673CDD07963E}.Debug|Any CPU.ActiveCfg = Debug|Any CPU
		{D923F67A-24C4-494A-9A59-673CDD07963E}.Debug|Any CPU.Build.0 = Debug|Any CPU
		{D923F67A-24C4-494A-9A59-673CDD07963E}.Release|Any CPU.ActiveCfg = Release|Any CPU
		{D923F67A-24C4-494A-9A59-673CDD07963E}.Release|Any CPU.Build.0 = Release|Any CPU
	EndGlobalSection
	GlobalSection(SolutionProperties) = preSolution
		HideSolutionNode = FALSE
	EndGlobalSection
	GlobalSection(ExtensibilityGlobals) = postSolution
		SolutionGuid = {57F7CC92-215D-48EB-94ED-8645EFD06A3B}
	EndGlobalSection
EndGlobal
